# THIS IS AN AUTOGENERATED FILE. DO NOT EDIT THIS FILE DIRECTLY.
# yarn lockfile v1


react-image-gallery@^1.2.7:
  version "1.2.7"
  resolved "https://registry.yarnpkg.com/react-image-gallery/-/react-image-gallery-1.2.7.tgz#2dfb83c52f32828a5340ca565f91bca58241fcfe"
  integrity sha512-ts7yMWykvZhslGMuvVAUk7a1dJIx9QtIwK6Clv8dOGxPsJid92FRrLvXbZDvkYcUyj48sHalnBhqU6mZNCB2jg==
